
Microsoft Visual Studio Solution File, Format Version 12.00
# Visual Studio Version 17
VisualStudioVersion = 17.14.36616.10 d17.14
MinimumVisualStudioVersion = 10.0.40219.1
Project("{FAE04EC0-301F-11D3-BF4B-00C04F79EFBC}") = "Mecario_BackEnd", "Mecario_BackEnd\Mecario_BackEnd.csproj", "{5EAFEDD0-687C-4D60-BBCF-11A0481F74A4}"
EndProject
Global
	GlobalSection(SolutionConfigurationPlatforms) = preSolution
		Debug|Any CPU = Debug|Any CPU
		Release|Any CPU = Release|Any CPU
	EndGlobalSection
	GlobalSection(ProjectConfigurationPlatforms) = postSolution
		{5EAFEDD0-687C-4D60-BBCF-11A0481F74A4}.Debug|Any CPU.ActiveCfg = Debug|Any CPU
		{5EAFEDD0-687C-4D60-BBCF-11A0481F74A4}.Debug|Any CPU.Build.0 = Debug|Any CPU
		{5EAFEDD0-687C-4D60-BBCF-11A0481F74A4}.Release|Any CPU.ActiveCfg = Release|Any CPU
		{5EAFEDD0-687C-4D60-BBCF-11A0481F74A4}.Release|Any CPU.Build.0 = Release|Any CPU
	EndGlobalSection
	GlobalSection(SolutionProperties) = preSolution
		HideSolutionNode = FALSE
	EndGlobalSection
	GlobalSection(ExtensibilityGlobals) = postSolution
		SolutionGuid = {40F8FDC7-08B8-418C-A8DD-E8D92E12CE79}
	EndGlobalSection
EndGlobal
